
Microsoft Visual Studio Solution File, Format Version 11.00
# Visual Studio 2010
Project("{FAE04EC0-301F-11D3-BF4B-00C04F79EFBC}") = "XingAo.Software.Web.Manager", "XingAo.Software.Web.Manager\XingAo.Software.Web.Manager.csproj", "{9FA2DC81-2BC0-425A-BEF5-A31F48CDA8C3}"
EndProject
Project("{2150E333-8FDC-42A3-9474-1A3956D46DE8}") = "Core", "Core", "{F0E5003F-66D7-4814-9D0B-085503A92A20}"
EndProject
Project("{2150E333-8FDC-42A3-9474-1A3956D46DE8}") = "ConfigCenter", "ConfigCenter", "{2979864D-838B-4223-94C2-F2E193743D2D}"
EndProject
Project("{FAE04EC0-301F-11D3-BF4B-00C04F79EFBC}") = "XingAo.Software.ConfigCenter", "..\..\ConfigCenter\XingAo.Software.ConfigCenter\XingAo.Software.ConfigCenter.csproj", "{D06EB792-0565-4084-8D4C-75AF74F83105}"
EndProject
Project("{FAE04EC0-301F-11D3-BF4B-00C04F79EFBC}") = "XingAo.Core", "..\..\Core\XingAo.Core\XingAo.Core.csproj", "{4A59DB87-F77A-41B1-9EF3-ED99F06504B1}"
EndProject
Project("{FAE04EC0-301F-11D3-BF4B-00C04F79EFBC}") = "XingAo.Core.Data", "..\..\Core\XingAo.Core.Data\XingAo.Core.Data.csproj", "{4CC6880C-ED52-433E-B42D-A82967756762}"
EndProject
Project("{FAE04EC0-301F-11D3-BF4B-00C04F79EFBC}") = "XingAo.Core.Web", "..\..\Core\XingAo.Core.Web\XingAo.Core.Web.csproj", "{72E686BF-D234-4A2A-B4FD-48D858ED915E}"
EndProject
Project("{2150E333-8FDC-42A3-9474-1A3956D46DE8}") = "UserCenter", "UserCenter", "{63F0C6E7-2FDD-4D86-AAF9-2E951220DDE8}"
EndProject
Project("{FAE04EC0-301F-11D3-BF4B-00C04F79EFBC}") = "XingAo.Software.UserCenter.Model", "..\..\UserCenter\XingAo.Software.UserCenter.Model\XingAo.Software.UserCenter.Model.csproj", "{64FBA8D1-982A-4177-99B4-00F75E5A5B87}"
EndProject
Project("{FAE04EC0-301F-11D3-BF4B-00C04F79EFBC}") = "XingAo.Software.UserCenter", "..\..\UserCenter\XingAo.Software.UserCenter\XingAo.Software.UserCenter.csproj", "{454BE7B8-51AA-4731-BAC0-3B4E61B94C00}"
EndProject
Project("{FAE04EC0-301F-11D3-BF4B-00C04F79EFBC}") = "XingAo.Software.UserCenter.Impl", "..\..\UserCenter\XingAo.Software.UserCenter.Impl\XingAo.Software.UserCenter.Impl.csproj", "{2E72B9F3-BCB0-482E-AACE-E604CD4EAABA}"
EndProject
Global
	GlobalSection(SubversionScc) = preSolution
		Svn-Managed = True
		Manager = AnkhSVN - Subversion Support for Visual Studio
	EndGlobalSection
	GlobalSection(SolutionConfigurationPlatforms) = preSolution
		Debug|Any CPU = Debug|Any CPU
		Release|Any CPU = Release|Any CPU
	EndGlobalSection
	GlobalSection(ProjectConfigurationPlatforms) = postSolution
		{9FA2DC81-2BC0-425A-BEF5-A31F48CDA8C3}.Debug|Any CPU.ActiveCfg = Debug|Any CPU
		{9FA2DC81-2BC0-425A-BEF5-A31F48CDA8C3}.Debug|Any CPU.Build.0 = Debug|Any CPU
		{9FA2DC81-2BC0-425A-BEF5-A31F48CDA8C3}.Release|Any CPU.ActiveCfg = Release|Any CPU
		{9FA2DC81-2BC0-425A-BEF5-A31F48CDA8C3}.Release|Any CPU.Build.0 = Release|Any CPU
		{D06EB792-0565-4084-8D4C-75AF74F83105}.Debug|Any CPU.ActiveCfg = Debug|Any CPU
		{D06EB792-0565-4084-8D4C-75AF74F83105}.Debug|Any CPU.Build.0 = Debug|Any CPU
		{D06EB792-0565-4084-8D4C-75AF74F83105}.Release|Any CPU.ActiveCfg = Release|Any CPU
		{D06EB792-0565-4084-8D4C-75AF74F83105}.Release|Any CPU.Build.0 = Release|Any CPU
		{4A59DB87-F77A-41B1-9EF3-ED99F06504B1}.Debug|Any CPU.ActiveCfg = Debug|Any CPU
		{4A59DB87-F77A-41B1-9EF3-ED99F06504B1}.Debug|Any CPU.Build.0 = Debug|Any CPU
		{4A59DB87-F77A-41B1-9EF3-ED99F06504B1}.Release|Any CPU.ActiveCfg = Release|Any CPU
		{4A59DB87-F77A-41B1-9EF3-ED99F06504B1}.Release|Any CPU.Build.0 = Release|Any CPU
		{4CC6880C-ED52-433E-B42D-A82967756762}.Debug|Any CPU.ActiveCfg = Debug|Any CPU
		{4CC6880C-ED52-433E-B42D-A82967756762}.Debug|Any CPU.Build.0 = Debug|Any CPU
		{4CC6880C-ED52-433E-B42D-A82967756762}.Release|Any CPU.ActiveCfg = Release|Any CPU
		{4CC6880C-ED52-433E-B42D-A82967756762}.Release|Any CPU.Build.0 = Release|Any CPU
		{72E686BF-D234-4A2A-B4FD-48D858ED915E}.Debug|Any CPU.ActiveCfg = Debug|Any CPU
		{72E686BF-D234-4A2A-B4FD-48D858ED915E}.Debug|Any CPU.Build.0 = Debug|Any CPU
		{72E686BF-D234-4A2A-B4FD-48D858ED915E}.Release|Any CPU.ActiveCfg = Release|Any CPU
		{72E686BF-D234-4A2A-B4FD-48D858ED915E}.Release|Any CPU.Build.0 = Release|Any CPU
		{64FBA8D1-982A-4177-99B4-00F75E5A5B87}.Debug|Any CPU.ActiveCfg = Debug|Any CPU
		{64FBA8D1-982A-4177-99B4-00F75E5A5B87}.Debug|Any CPU.Build.0 = Debug|Any CPU
		{64FBA8D1-982A-4177-99B4-00F75E5A5B87}.Release|Any CPU.ActiveCfg = Release|Any CPU
		{64FBA8D1-982A-4177-99B4-00F75E5A5B87}.Release|Any CPU.Build.0 = Release|Any CPU
		{454BE7B8-51AA-4731-BAC0-3B4E61B94C00}.Debug|Any CPU.ActiveCfg = Debug|Any CPU
		{454BE7B8-51AA-4731-BAC0-3B4E61B94C00}.Debug|Any CPU.Build.0 = Debug|Any CPU
		{454BE7B8-51AA-4731-BAC0-3B4E61B94C00}.Release|Any CPU.ActiveCfg = Release|Any CPU
		{454BE7B8-51AA-4731-BAC0-3B4E61B94C00}.Release|Any CPU.Build.0 = Release|Any CPU
		{2E72B9F3-BCB0-482E-AACE-E604CD4EAABA}.Debug|Any CPU.ActiveCfg = Debug|Any CPU
		{2E72B9F3-BCB0-482E-AACE-E604CD4EAABA}.Debug|Any CPU.Build.0 = Debug|Any CPU
		{2E72B9F3-BCB0-482E-AACE-E604CD4EAABA}.Release|Any CPU.ActiveCfg = Release|Any CPU
		{2E72B9F3-BCB0-482E-AACE-E604CD4EAABA}.Release|Any CPU.Build.0 = Release|Any CPU
	EndGlobalSection
	GlobalSection(SolutionProperties) = preSolution
		HideSolutionNode = FALSE
	EndGlobalSection
	GlobalSection(NestedProjects) = preSolution
		{4A59DB87-F77A-41B1-9EF3-ED99F06504B1} = {F0E5003F-66D7-4814-9D0B-085503A92A20}
		{4CC6880C-ED52-433E-B42D-A82967756762} = {F0E5003F-66D7-4814-9D0B-085503A92A20}
		{72E686BF-D234-4A2A-B4FD-48D858ED915E} = {F0E5003F-66D7-4814-9D0B-085503A92A20}
		{D06EB792-0565-4084-8D4C-75AF74F83105} = {2979864D-838B-4223-94C2-F2E193743D2D}
		{64FBA8D1-982A-4177-99B4-00F75E5A5B87} = {63F0C6E7-2FDD-4D86-AAF9-2E951220DDE8}
		{454BE7B8-51AA-4731-BAC0-3B4E61B94C00} = {63F0C6E7-2FDD-4D86-AAF9-2E951220DDE8}
		{2E72B9F3-BCB0-482E-AACE-E604CD4EAABA} = {63F0C6E7-2FDD-4D86-AAF9-2E951220DDE8}
	EndGlobalSection
EndGlobal
